{
  "name": "backend",
  "lockfileVersion": 3,
  "requires": true,
  "packages": {
    "": {
      "dependencies": {
        "@hono/zod-validator": "^0.2.2",
        "@lucia-auth/adapter-drizzle": "^1.0.7",
        "@neondatabase/serverless": "^0.9.3",
        "drizzle-orm": "^0.31.1",
        "hono": "^4.4.4",
        "lucia": "^3.2.0",
        "oslo": "^1.2.0"
      },
      "devDependencies": {
        "@types/bun": "latest",
        "drizzle-kit": "0.22.0"
      }
    },
    "node_modules/@emnapi/core": {
      "version": "0.45.0",
      "resolved": "https://registry.npmjs.org/@emnapi/core/-/core-0.45.0.tgz",
      "integrity": "sha512-DPWjcUDQkCeEM4VnljEOEcXdAD7pp8zSZsgOujk/LGIwCXWbXJngin+MO4zbH429lzeC3WbYLGjE2MaUOwzpyw==",
      "optional": true,
      "dependencies": {
        "tslib": "^2.4.0"
      }
    },
    "node_modules/@emnapi/runtime": {
      "version": "0.45.0",
      "resolved": "https://registry.npmjs.org/@emnapi/runtime/-/runtime-0.45.0.tgz",
      "integrity": "sha512-Txumi3td7J4A/xTTwlssKieHKTGl3j4A1tglBx72auZ49YK7ePY6XZricgIg9mnZT4xPfA+UPCUdnhRuEFDL+w==",
      "optional": true,
      "dependencies": {
        "tslib": "^2.4.0"
      }
    },
    "node_modules/@esbuild-kit/core-utils": {
      "version": "3.3.2",
      "dev": true,
      "license": "MIT",
      "dependencies": {
        "esbuild": "~0.18.20",
        "source-map-support": "^0.5.21"
      }
    },
    "node_modules/@esbuild-kit/core-utils/node_modules/esbuild": {
      "version": "0.18.20",
      "dev": true,
      "hasInstallScript": true,
      "license": "MIT",
      "bin": {
        "esbuild": "bin/esbuild"
      },
      "engines": {
        "node": ">=12"
      },
      "optionalDependencies": {
        "@esbuild/android-arm": "0.18.20",
        "@esbuild/android-arm64": "0.18.20",
        "@esbuild/android-x64": "0.18.20",
        "@esbuild/darwin-arm64": "0.18.20",
        "@esbuild/darwin-x64": "0.18.20",
        "@esbuild/freebsd-arm64": "0.18.20",
        "@esbuild/freebsd-x64": "0.18.20",
        "@esbuild/linux-arm": "0.18.20",
        "@esbuild/linux-arm64": "0.18.20",
        "@esbuild/linux-ia32": "0.18.20",
        "@esbuild/linux-loong64": "0.18.20",
        "@esbuild/linux-mips64el": "0.18.20",
        "@esbuild/linux-ppc64": "0.18.20",
        "@esbuild/linux-riscv64": "0.18.20",
        "@esbuild/linux-s390x": "0.18.20",
        "@esbuild/linux-x64": "0.18.20",
        "@esbuild/netbsd-x64": "0.18.20",
        "@esbuild/openbsd-x64": "0.18.20",
        "@esbuild/sunos-x64": "0.18.20",
        "@esbuild/win32-arm64": "0.18.20",
        "@esbuild/win32-ia32": "0.18.20",
        "@esbuild/win32-x64": "0.18.20"
      }
    },
    "node_modules/@esbuild-kit/core-utils/node_modules/esbuild/node_modules/@esbuild/linux-x64": {
      "version": "0.18.20",
      "cpu": [
        "x64"
      ],
      "dev": true,
      "license": "MIT",
      "optional": true,
      "os": [
        "linux"
      ],
      "engines": {
        "node": ">=12"
      }
    },
    "node_modules/@esbuild-kit/esm-loader": {
      "version": "2.6.5",
      "dev": true,
      "license": "MIT",
      "dependencies": {
        "@esbuild-kit/core-utils": "^3.3.2",
        "get-tsconfig": "^4.7.0"
      }
    },
    "node_modules/@esbuild/linux-x64": {
      "version": "0.19.12",
      "cpu": [
        "x64"
      ],
      "dev": true,
      "license": "MIT",
      "optional": true,
      "os": [
        "linux"
      ],
      "engines": {
        "node": ">=12"
      }
    },
    "node_modules/@hono/zod-validator": {
      "version": "0.2.2",
      "license": "MIT",
      "peerDependencies": {
        "hono": ">=3.9.0",
        "zod": "^3.19.1"
      }
    },
    "node_modules/@lucia-auth/adapter-drizzle": {
      "version": "1.0.7",
      "resolved": "https://registry.npmjs.org/@lucia-auth/adapter-drizzle/-/adapter-drizzle-1.0.7.tgz",
      "integrity": "sha512-X/V7fLBca8EC/gPXCntwbQpb0+F9oEuRoHElvsi9rCrdnGhCMNxHgwAvgiQ6pes+rIYpyvx4n3hvjqo/fPo03A==",
      "peerDependencies": {
        "lucia": "3.x"
      }
    },
    "node_modules/@neondatabase/serverless": {
      "version": "0.9.3",
      "license": "MIT",
      "dependencies": {
        "@types/pg": "8.11.6"
      }
    },
    "node_modules/@node-rs/argon2": {
      "version": "1.7.0",
      "resolved": "https://registry.npmjs.org/@node-rs/argon2/-/argon2-1.7.0.tgz",
      "integrity": "sha512-zfULc+/tmcWcxn+nHkbyY8vP3+MpEqKORbszt4UkpqZgBgDAAIYvuDN/zukfTgdmo6tmJKKVfzigZOPk4LlIog==",
      "engines": {
        "node": ">= 10"
      },
      "optionalDependencies": {
        "@node-rs/argon2-android-arm-eabi": "1.7.0",
        "@node-rs/argon2-android-arm64": "1.7.0",
        "@node-rs/argon2-darwin-arm64": "1.7.0",
        "@node-rs/argon2-darwin-x64": "1.7.0",
        "@node-rs/argon2-freebsd-x64": "1.7.0",
        "@node-rs/argon2-linux-arm-gnueabihf": "1.7.0",
        "@node-rs/argon2-linux-arm64-gnu": "1.7.0",
        "@node-rs/argon2-linux-arm64-musl": "1.7.0",
        "@node-rs/argon2-linux-x64-gnu": "1.7.0",
        "@node-rs/argon2-linux-x64-musl": "1.7.0",
        "@node-rs/argon2-wasm32-wasi": "1.7.0",
        "@node-rs/argon2-win32-arm64-msvc": "1.7.0",
        "@node-rs/argon2-win32-ia32-msvc": "1.7.0",
        "@node-rs/argon2-win32-x64-msvc": "1.7.0"
      }
    },
    "node_modules/@node-rs/argon2-android-arm-eabi": {
      "version": "1.7.0",
      "resolved": "https://registry.npmjs.org/@node-rs/argon2-android-arm-eabi/-/argon2-android-arm-eabi-1.7.0.tgz",
      "integrity": "sha512-udDqkr5P9E+wYX1SZwAVPdyfYvaF4ry9Tm+R9LkfSHbzWH0uhU6zjIwNRp7m+n4gx691rk+lqqDAIP8RLKwbhg==",
      "cpu": [
        "arm"
      ],
      "optional": true,
      "os": [
        "android"
      ],
      "engines": {
        "node": ">= 10"
      }
    },
    "node_modules/@node-rs/argon2-android-arm64": {
      "version": "1.7.0",
      "resolved": "https://registry.npmjs.org/@node-rs/argon2-android-arm64/-/argon2-android-arm64-1.7.0.tgz",
      "integrity": "sha512-s9j/G30xKUx8WU50WIhF0fIl1EdhBGq0RQ06lEhZ0Gi0ap8lhqbE2Bn5h3/G2D1k0Dx+yjeVVNmt/xOQIRG38A==",
      "cpu": [
        "arm64"
      ],
      "optional": true,
      "os": [
        "android"
      ],
      "engines": {
        "node": ">= 10"
      }
    },
    "node_modules/@node-rs/argon2-darwin-arm64": {
      "version": "1.7.0",
      "resolved": "https://registry.npmjs.org/@node-rs/argon2-darwin-arm64/-/argon2-darwin-arm64-1.7.0.tgz",
      "integrity": "sha512-ZIz4L6HGOB9U1kW23g+m7anGNuTZ0RuTw0vNp3o+2DWpb8u8rODq6A8tH4JRL79S+Co/Nq608m9uackN2pe0Rw==",
      "cpu": [
        "arm64"
      ],
      "optional": true,
      "os": [
        "darwin"
      ],
      "engines": {
        "node": ">= 10"
      }
    },
    "node_modules/@node-rs/argon2-darwin-x64": {
      "version": "1.7.0",
      "resolved": "https://registry.npmjs.org/@node-rs/argon2-darwin-x64/-/argon2-darwin-x64-1.7.0.tgz",
      "integrity": "sha512-5oi/pxqVhODW/pj1+3zElMTn/YukQeywPHHYDbcAW3KsojFjKySfhcJMd1DjKTc+CHQI+4lOxZzSUzK7mI14Hw==",
      "cpu": [
        "x64"
      ],
      "optional": true,
      "os": [
        "darwin"
      ],
      "engines": {
        "node": ">= 10"
      }
    },
    "node_modules/@node-rs/argon2-freebsd-x64": {
      "version": "1.7.0",
      "resolved": "https://registry.npmjs.org/@node-rs/argon2-freebsd-x64/-/argon2-freebsd-x64-1.7.0.tgz",
      "integrity": "sha512-Ify08683hA4QVXYoIm5SUWOY5DPIT/CMB0CQT+IdxQAg/F+qp342+lUkeAtD5bvStQuCx/dFO3bnnzoe2clMhA==",
      "cpu": [
        "x64"
      ],
      "optional": true,
      "os": [
        "freebsd"
      ],
      "engines": {
        "node": ">= 10"
      }
    },
    "node_modules/@node-rs/argon2-linux-arm-gnueabihf": {
      "version": "1.7.0",
      "resolved": "https://registry.npmjs.org/@node-rs/argon2-linux-arm-gnueabihf/-/argon2-linux-arm-gnueabihf-1.7.0.tgz",
      "integrity": "sha512-7DjDZ1h5AUHAtRNjD19RnQatbhL+uuxBASuuXIBu4/w6Dx8n7YPxwTP4MXfsvuRgKuMWiOb/Ub/HJ3kXVCXRkg==",
      "cpu": [
        "arm"
      ],
      "optional": true,
      "os": [
        "linux"
      ],
      "engines": {
        "node": ">= 10"
      }
    },
    "node_modules/@node-rs/argon2-linux-arm64-gnu": {
      "version": "1.7.0",
      "resolved": "https://registry.npmjs.org/@node-rs/argon2-linux-arm64-gnu/-/argon2-linux-arm64-gnu-1.7.0.tgz",
      "integrity": "sha512-nJDoMP4Y3YcqGswE4DvP080w6O24RmnFEDnL0emdI8Nou17kNYBzP2546Nasx9GCyLzRcYQwZOUjrtUuQ+od2g==",
      "cpu": [
        "arm64"
      ],
      "optional": true,
      "os": [
        "linux"
      ],
      "engines": {
        "node": ">= 10"
      }
    },
    "node_modules/@node-rs/argon2-linux-arm64-musl": {
      "version": "1.7.0",
      "resolved": "https://registry.npmjs.org/@node-rs/argon2-linux-arm64-musl/-/argon2-linux-arm64-musl-1.7.0.tgz",
      "integrity": "sha512-BKWS8iVconhE3jrb9mj6t1J9vwUqQPpzCbUKxfTGJfc+kNL58F1SXHBoe2cDYGnHrFEHTY0YochzXoAfm4Dm/A==",
      "cpu": [
        "arm64"
      ],
      "optional": true,
      "os": [
        "linux"
      ],
      "engines": {
        "node": ">= 10"
      }
    },
    "node_modules/@node-rs/argon2-linux-x64-gnu": {
      "version": "1.7.0",
      "resolved": "https://registry.npmjs.org/@node-rs/argon2-linux-x64-gnu/-/argon2-linux-x64-gnu-1.7.0.tgz",
      "integrity": "sha512-EmgqZOlf4Jurk/szW1iTsVISx25bKksVC5uttJDUloTgsAgIGReCpUUO1R24pBhu9ESJa47iv8NSf3yAfGv6jQ==",
      "cpu": [
        "x64"
      ],
      "optional": true,
      "os": [
        "linux"
      ],
      "engines": {
        "node": ">= 10"
      }
    },
    "node_modules/@node-rs/argon2-linux-x64-musl": {
      "version": "1.7.0",
      "resolved": "https://registry.npmjs.org/@node-rs/argon2-linux-x64-musl/-/argon2-linux-x64-musl-1.7.0.tgz",
      "integrity": "sha512-/o1efYCYIxjfuoRYyBTi2Iy+1iFfhqHCvvVsnjNSgO1xWiWrX0Rrt/xXW5Zsl7vS2Y+yu8PL8KFWRzZhaVxfKA==",
      "cpu": [
        "x64"
      ],
      "optional": true,
      "os": [
        "linux"
      ],
      "engines": {
        "node": ">= 10"
      }
    },
    "node_modules/@node-rs/argon2-wasm32-wasi": {
      "version": "1.7.0",
      "resolved": "https://registry.npmjs.org/@node-rs/argon2-wasm32-wasi/-/argon2-wasm32-wasi-1.7.0.tgz",
      "integrity": "sha512-Evmk9VcxqnuwQftfAfYEr6YZYSPLzmKUsbFIMep5nTt9PT4XYRFAERj7wNYp+rOcBenF3X4xoB+LhwcOMTNE5w==",
      "cpu": [
        "wasm32"
      ],
      "optional": true,
      "dependencies": {
        "@emnapi/core": "^0.45.0",
        "@emnapi/runtime": "^0.45.0",
        "@tybys/wasm-util": "^0.8.1",
        "memfs-browser": "^3.4.13000"
      },
      "engines": {
        "node": ">=14.0.0"
      }
    },
    "node_modules/@node-rs/argon2-win32-arm64-msvc": {
      "version": "1.7.0",
      "resolved": "https://registry.npmjs.org/@node-rs/argon2-win32-arm64-msvc/-/argon2-win32-arm64-msvc-1.7.0.tgz",
      "integrity": "sha512-qgsU7T004COWWpSA0tppDqDxbPLgg8FaU09krIJ7FBl71Sz8SFO40h7fDIjfbTT5w7u6mcaINMQ5bSHu75PCaA==",
      "cpu": [
        "arm64"
      ],
      "optional": true,
      "os": [
        "win32"
      ],
      "engines": {
        "node": ">= 10"
      }
    },
    "node_modules/@node-rs/argon2-win32-ia32-msvc": {
      "version": "1.7.0",
      "resolved": "https://registry.npmjs.org/@node-rs/argon2-win32-ia32-msvc/-/argon2-win32-ia32-msvc-1.7.0.tgz",
      "integrity": "sha512-JGafwWYQ/HpZ3XSwP4adQ6W41pRvhcdXvpzIWtKvX+17+xEXAe2nmGWM6s27pVkg1iV2ZtoYLRDkOUoGqZkCcg==",
      "cpu": [
        "ia32"
      ],
      "optional": true,
      "os": [
        "win32"
      ],
      "engines": {
        "node": ">= 10"
      }
    },
    "node_modules/@node-rs/argon2-win32-x64-msvc": {
      "version": "1.7.0",
      "resolved": "https://registry.npmjs.org/@node-rs/argon2-win32-x64-msvc/-/argon2-win32-x64-msvc-1.7.0.tgz",
      "integrity": "sha512-9oq4ShyFakw8AG3mRls0AoCpxBFcimYx7+jvXeAf2OqKNO+mSA6eZ9z7KQeVCi0+SOEUYxMGf5UiGiDb9R6+9Q==",
      "cpu": [
        "x64"
      ],
      "optional": true,
      "os": [
        "win32"
      ],
      "engines": {
        "node": ">= 10"
      }
    },
    "node_modules/@node-rs/bcrypt": {
      "version": "1.9.0",
      "resolved": "https://registry.npmjs.org/@node-rs/bcrypt/-/bcrypt-1.9.0.tgz",
      "integrity": "sha512-u2OlIxW264bFUfvbFqDz9HZKFjwe8FHFtn7T/U8mYjPZ7DWYpbUB+/dkW/QgYfMSfR0ejkyuWaBBe0coW7/7ig==",
      "engines": {
        "node": ">= 10"
      },
      "funding": {
        "type": "github",
        "url": "https://github.com/sponsors/Brooooooklyn"
      },
      "optionalDependencies": {
        "@node-rs/bcrypt-android-arm-eabi": "1.9.0",
        "@node-rs/bcrypt-android-arm64": "1.9.0",
        "@node-rs/bcrypt-darwin-arm64": "1.9.0",
        "@node-rs/bcrypt-darwin-x64": "1.9.0",
        "@node-rs/bcrypt-freebsd-x64": "1.9.0",
        "@node-rs/bcrypt-linux-arm-gnueabihf": "1.9.0",
        "@node-rs/bcrypt-linux-arm64-gnu": "1.9.0",
        "@node-rs/bcrypt-linux-arm64-musl": "1.9.0",
        "@node-rs/bcrypt-linux-x64-gnu": "1.9.0",
        "@node-rs/bcrypt-linux-x64-musl": "1.9.0",
        "@node-rs/bcrypt-wasm32-wasi": "1.9.0",
        "@node-rs/bcrypt-win32-arm64-msvc": "1.9.0",
        "@node-rs/bcrypt-win32-ia32-msvc": "1.9.0",
        "@node-rs/bcrypt-win32-x64-msvc": "1.9.0"
      }
    },
    "node_modules/@node-rs/bcrypt-android-arm-eabi": {
      "version": "1.9.0",
      "resolved": "https://registry.npmjs.org/@node-rs/bcrypt-android-arm-eabi/-/bcrypt-android-arm-eabi-1.9.0.tgz",
      "integrity": "sha512-nOCFISGtnodGHNiLrG0WYLWr81qQzZKYfmwHc7muUeq+KY0sQXyHOwZk9OuNQAWv/lnntmtbwkwT0QNEmOyLvA==",
      "cpu": [
        "arm"
      ],
      "optional": true,
      "os": [
        "android"
      ],
      "engines": {
        "node": ">= 10"
      }
    },
    "node_modules/@node-rs/bcrypt-android-arm64": {
      "version": "1.9.0",
      "resolved": "https://registry.npmjs.org/@node-rs/bcrypt-android-arm64/-/bcrypt-android-arm64-1.9.0.tgz",
      "integrity": "sha512-+ZrIAtigVmjYkqZQTThHVlz0+TG6D+GDHWhVKvR2DifjtqJ0i+mb9gjo++hN+fWEQdWNGxKCiBBjwgT4EcXd6A==",
      "cpu": [
        "arm64"
      ],
      "optional": true,
      "os": [
        "android"
      ],
      "engines": {
        "node": ">= 10"
      }
    },
    "node_modules/@node-rs/bcrypt-darwin-arm64": {
      "version": "1.9.0",
      "resolved": "https://registry.npmjs.org/@node-rs/bcrypt-darwin-arm64/-/bcrypt-darwin-arm64-1.9.0.tgz",
      "integrity": "sha512-CQiS+F9Pa0XozvkXR1g7uXE9QvBOPOplDg0iCCPRYTN9PqA5qYxhwe48G3o+v2UeQceNRrbnEtWuANm7JRqIhw==",
      "cpu": [
        "arm64"
      ],
      "optional": true,
      "os": [
        "darwin"
      ],
      "engines": {
        "node": ">= 10"
      }
    },
    "node_modules/@node-rs/bcrypt-darwin-x64": {
      "version": "1.9.0",
      "resolved": "https://registry.npmjs.org/@node-rs/bcrypt-darwin-x64/-/bcrypt-darwin-x64-1.9.0.tgz",
      "integrity": "sha512-4pTKGawYd7sNEjdJ7R/R67uwQH1VvwPZ0SSUMmeNHbxD5QlwAPXdDH11q22uzVXsvNFZ6nGQBg8No5OUGpx6Ug==",
      "cpu": [
        "x64"
      ],
      "optional": true,
      "os": [
        "darwin"
      ],
      "engines": {
        "node": ">= 10"
      }
    },
    "node_modules/@node-rs/bcrypt-freebsd-x64": {
      "version": "1.9.0",
      "resolved": "https://registry.npmjs.org/@node-rs/bcrypt-freebsd-x64/-/bcrypt-freebsd-x64-1.9.0.tgz",
      "integrity": "sha512-UmWzySX4BJhT/B8xmTru6iFif3h0Rpx3TqxRLCcbgmH43r7k5/9QuhpiyzpvKGpKHJCFNm4F3rC2wghvw5FCIg==",
      "cpu": [
        "x64"
      ],
      "optional": true,
      "os": [
        "freebsd"
      ],
      "engines": {
        "node": ">= 10"
      }
    },
    "node_modules/@node-rs/bcrypt-linux-arm-gnueabihf": {
      "version": "1.9.0",
      "resolved": "https://registry.npmjs.org/@node-rs/bcrypt-linux-arm-gnueabihf/-/bcrypt-linux-arm-gnueabihf-1.9.0.tgz",
      "integrity": "sha512-8qoX4PgBND2cVwsbajoAWo3NwdfJPEXgpCsZQZURz42oMjbGyhhSYbovBCskGU3EBLoC8RA2B1jFWooeYVn5BA==",
      "cpu": [
        "arm"
      ],
      "optional": true,
      "os": [
        "linux"
      ],
      "engines": {
        "node": ">= 10"
      }
    },
    "node_modules/@node-rs/bcrypt-linux-arm64-gnu": {
      "version": "1.9.0",
      "resolved": "https://registry.npmjs.org/@node-rs/bcrypt-linux-arm64-gnu/-/bcrypt-linux-arm64-gnu-1.9.0.tgz",
      "integrity": "sha512-TuAC6kx0SbcIA4mSEWPi+OCcDjTQUMl213v5gMNlttF+D4ieIZx6pPDGTaMO6M2PDHTeCG0CBzZl0Lu+9b0c7Q==",
      "cpu": [
        "arm64"
      ],
      "optional": true,
      "os": [
        "linux"
      ],
      "engines": {
        "node": ">= 10"
      }
    },
    "node_modules/@node-rs/bcrypt-linux-arm64-musl": {
      "version": "1.9.0",
      "resolved": "https://registry.npmjs.org/@node-rs/bcrypt-linux-arm64-musl/-/bcrypt-linux-arm64-musl-1.9.0.tgz",
      "integrity": "sha512-/sIvKDABOI8QOEnLD7hIj02BVaNOuCIWBKvxcJOt8+TuwJ6zmY1UI5kSv9d99WbiHjTp97wtAUbZQwauU4b9ew==",
      "cpu": [
        "arm64"
      ],
      "optional": true,
      "os": [
        "linux"
      ],
      "engines": {
        "node": ">= 10"
      }
    },
    "node_modules/@node-rs/bcrypt-linux-x64-gnu": {
      "version": "1.9.0",
      "resolved": "https://registry.npmjs.org/@node-rs/bcrypt-linux-x64-gnu/-/bcrypt-linux-x64-gnu-1.9.0.tgz",
      "integrity": "sha512-DyyhDHDsLBsCKz1tZ1hLvUZSc1DK0FU0v52jK6IBQxrj24WscSU9zZe7ie/V9kdmA4Ep57BfpWX8Dsa2JxGdgQ==",
      "cpu": [
        "x64"
      ],
      "optional": true,
      "os": [
        "linux"
      ],
      "engines": {
        "node": ">= 10"
      }
    },
    "node_modules/@node-rs/bcrypt-linux-x64-musl": {
      "version": "1.9.0",
      "resolved": "https://registry.npmjs.org/@node-rs/bcrypt-linux-x64-musl/-/bcrypt-linux-x64-musl-1.9.0.tgz",
      "integrity": "sha512-duIiuqQ+Lew8ASSAYm6ZRqcmfBGWwsi81XLUwz86a2HR7Qv6V4yc3ZAUQovAikhjCsIqe8C11JlAZSK6+PlXYg==",
      "cpu": [
        "x64"
      ],
      "optional": true,
      "os": [
        "linux"
      ],
      "engines": {
        "node": ">= 10"
      }
    },
    "node_modules/@node-rs/bcrypt-wasm32-wasi": {
      "version": "1.9.0",
      "resolved": "https://registry.npmjs.org/@node-rs/bcrypt-wasm32-wasi/-/bcrypt-wasm32-wasi-1.9.0.tgz",
      "integrity": "sha512-ylaGmn9Wjwv/D5lxtawttx3H6Uu2WTTR7lWlRHGT6Ga/MB1Vj4OjSGUW8G8zIVnKuXpGbZ92pgHlt4HUpSLctw==",
      "cpu": [
        "wasm32"
      ],
      "optional": true,
      "dependencies": {
        "@emnapi/core": "^0.45.0",
        "@emnapi/runtime": "^0.45.0",
        "@tybys/wasm-util": "^0.8.1",
        "memfs-browser": "^3.4.13000"
      },
      "engines": {
        "node": ">=14.0.0"
      }
    },
    "node_modules/@node-rs/bcrypt-win32-arm64-msvc": {
      "version": "1.9.0",
      "resolved": "https://registry.npmjs.org/@node-rs/bcrypt-win32-arm64-msvc/-/bcrypt-win32-arm64-msvc-1.9.0.tgz",
      "integrity": "sha512-2h86gF7QFyEzODuDFml/Dp1MSJoZjxJ4yyT2Erf4NkwsiA5MqowUhUsorRwZhX6+2CtlGa7orbwi13AKMsYndw==",
      "cpu": [
        "arm64"
      ],
      "optional": true,
      "os": [
        "win32"
      ],
      "engines": {
        "node": ">= 10"
      }
    },
    "node_modules/@node-rs/bcrypt-win32-ia32-msvc": {
      "version": "1.9.0",
      "resolved": "https://registry.npmjs.org/@node-rs/bcrypt-win32-ia32-msvc/-/bcrypt-win32-ia32-msvc-1.9.0.tgz",
      "integrity": "sha512-kqxalCvhs4FkN0+gWWfa4Bdy2NQAkfiqq/CEf6mNXC13RSV673Ev9V8sRlQyNpCHCNkeXfOT9pgoBdJmMs9muA==",
      "cpu": [
        "ia32"
      ],
      "optional": true,
      "os": [
        "win32"
      ],
      "engines": {
        "node": ">= 10"
      }
    },
    "node_modules/@node-rs/bcrypt-win32-x64-msvc": {
      "version": "1.9.0",
      "resolved": "https://registry.npmjs.org/@node-rs/bcrypt-win32-x64-msvc/-/bcrypt-win32-x64-msvc-1.9.0.tgz",
      "integrity": "sha512-2y0Tuo6ZAT2Cz8V7DHulSlv1Bip3zbzeXyeur+uR25IRNYXKvI/P99Zl85Fbuu/zzYAZRLLlGTRe6/9IHofe/w==",
      "cpu": [
        "x64"
      ],
      "optional": true,
      "os": [
        "win32"
      ],
      "engines": {
        "node": ">= 10"
      }
    },
    "node_modules/@tybys/wasm-util": {
      "version": "0.8.3",
      "resolved": "https://registry.npmjs.org/@tybys/wasm-util/-/wasm-util-0.8.3.tgz",
      "integrity": "sha512-Z96T/L6dUFFxgFJ+pQtkPpne9q7i6kIPYCFnQBHSgSPV9idTsKfIhCss0h5iM9irweZCatkrdeP8yi5uM1eX6Q==",
      "optional": true,
      "dependencies": {
        "tslib": "^2.4.0"
      }
    },
    "node_modules/@types/bun": {
      "version": "1.1.3",
      "resolved": "https://registry.npmjs.org/@types/bun/-/bun-1.1.3.tgz",
      "integrity": "sha512-i+mVz8C/lx+RprDR6Mr402iE1kmajgJPnmSfJ/NvU85sGGXSylYZ/6yc+XhVLr2E/t8o6HmjwV0evtnUOR0CFA==",
      "dev": true,
      "dependencies": {
        "bun-types": "1.1.9"
      }
    },
    "node_modules/@types/node": {
      "version": "20.12.12",
      "license": "MIT",
      "dependencies": {
        "undici-types": "~5.26.4"
      }
    },
    "node_modules/@types/pg": {
      "version": "8.11.6",
      "license": "MIT",
      "dependencies": {
        "@types/node": "*",
        "pg-protocol": "*",
        "pg-types": "^4.0.1"
      }
    },
    "node_modules/@types/ws": {
      "version": "8.5.10",
      "devOptional": true,
      "license": "MIT",
      "dependencies": {
        "@types/node": "*"
      }
    },
    "node_modules/buffer-from": {
      "version": "1.1.2",
      "dev": true,
      "license": "MIT"
    },
    "node_modules/bun-types": {
      "version": "1.1.9",
      "devOptional": true,
      "license": "MIT",
      "dependencies": {
        "@types/node": "~20.12.8",
        "@types/ws": "~8.5.10"
      }
    },
    "node_modules/debug": {
      "version": "4.3.4",
      "dev": true,
      "license": "MIT",
      "dependencies": {
        "ms": "2.1.2"
      },
      "engines": {
        "node": ">=6.0"
      },
      "peerDependenciesMeta": {
        "supports-color": {
          "optional": true
        }
      }
    },
    "node_modules/drizzle-kit": {
      "version": "0.22.0",
      "resolved": "https://registry.npmjs.org/drizzle-kit/-/drizzle-kit-0.22.0.tgz",
      "integrity": "sha512-vmkZZ1SOItQJayFHqEYxjxTCfJdKgAa5eQFj7tkIP+j9VtGnPZ1lhucS0tdjmYfJa30n0LlJ3gXXph+hxrGQPA==",
      "dev": true,
      "dependencies": {
        "@esbuild-kit/esm-loader": "^2.5.5",
        "esbuild": "^0.19.7",
        "esbuild-register": "^3.5.0"
      },
      "bin": {
        "drizzle-kit": "bin.cjs"
      }
    },
    "node_modules/drizzle-orm": {
      "version": "0.31.1",
      "license": "Apache-2.0",
      "peerDependencies": {
        "@aws-sdk/client-rds-data": ">=3",
        "@cloudflare/workers-types": ">=3",
        "@electric-sql/pglite": ">=0.1.1",
        "@libsql/client": "*",
        "@neondatabase/serverless": ">=0.1",
        "@op-engineering/op-sqlite": ">=2",
        "@opentelemetry/api": "^1.4.1",
        "@planetscale/database": ">=1",
        "@types/better-sqlite3": "*",
        "@types/pg": "*",
        "@types/react": ">=18",
        "@types/sql.js": "*",
        "@vercel/postgres": ">=0.8.0",
        "@xata.io/client": "*",
        "better-sqlite3": ">=7",
        "bun-types": "*",
        "expo-sqlite": ">=13.2.0",
        "knex": "*",
        "kysely": "*",
        "mysql2": ">=2",
        "pg": ">=8",
        "postgres": ">=3",
        "react": ">=18",
        "sql.js": ">=1",
        "sqlite3": ">=5"
      },
      "peerDependenciesMeta": {
        "@aws-sdk/client-rds-data": {
          "optional": true
        },
        "@cloudflare/workers-types": {
          "optional": true
        },
        "@electric-sql/pglite": {
          "optional": true
        },
        "@libsql/client": {
          "optional": true
        },
        "@neondatabase/serverless": {
          "optional": true
        },
        "@op-engineering/op-sqlite": {
          "optional": true
        },
        "@opentelemetry/api": {
          "optional": true
        },
        "@planetscale/database": {
          "optional": true
        },
        "@types/better-sqlite3": {
          "optional": true
        },
        "@types/pg": {
          "optional": true
        },
        "@types/react": {
          "optional": true
        },
        "@types/sql.js": {
          "optional": true
        },
        "@vercel/postgres": {
          "optional": true
        },
        "@xata.io/client": {
          "optional": true
        },
        "better-sqlite3": {
          "optional": true
        },
        "bun-types": {
          "optional": true
        },
        "expo-sqlite": {
          "optional": true
        },
        "knex": {
          "optional": true
        },
        "kysely": {
          "optional": true
        },
        "mysql2": {
          "optional": true
        },
        "pg": {
          "optional": true
        },
        "postgres": {
          "optional": true
        },
        "react": {
          "optional": true
        },
        "sql.js": {
          "optional": true
        },
        "sqlite3": {
          "optional": true
        }
      }
    },
    "node_modules/esbuild": {
      "version": "0.19.12",
      "dev": true,
      "hasInstallScript": true,
      "license": "MIT",
      "bin": {
        "esbuild": "bin/esbuild"
      },
      "engines": {
        "node": ">=12"
      },
      "optionalDependencies": {
        "@esbuild/aix-ppc64": "0.19.12",
        "@esbuild/android-arm": "0.19.12",
        "@esbuild/android-arm64": "0.19.12",
        "@esbuild/android-x64": "0.19.12",
        "@esbuild/darwin-arm64": "0.19.12",
        "@esbuild/darwin-x64": "0.19.12",
        "@esbuild/freebsd-arm64": "0.19.12",
        "@esbuild/freebsd-x64": "0.19.12",
        "@esbuild/linux-arm": "0.19.12",
        "@esbuild/linux-arm64": "0.19.12",
        "@esbuild/linux-ia32": "0.19.12",
        "@esbuild/linux-loong64": "0.19.12",
        "@esbuild/linux-mips64el": "0.19.12",
        "@esbuild/linux-ppc64": "0.19.12",
        "@esbuild/linux-riscv64": "0.19.12",
        "@esbuild/linux-s390x": "0.19.12",
        "@esbuild/linux-x64": "0.19.12",
        "@esbuild/netbsd-x64": "0.19.12",
        "@esbuild/openbsd-x64": "0.19.12",
        "@esbuild/sunos-x64": "0.19.12",
        "@esbuild/win32-arm64": "0.19.12",
        "@esbuild/win32-ia32": "0.19.12",
        "@esbuild/win32-x64": "0.19.12"
      }
    },
    "node_modules/esbuild-register": {
      "version": "3.5.0",
      "dev": true,
      "license": "MIT",
      "dependencies": {
        "debug": "^4.3.4"
      },
      "peerDependencies": {
        "esbuild": ">=0.12 <1"
      }
    },
    "node_modules/fs-monkey": {
      "version": "1.0.6",
      "resolved": "https://registry.npmjs.org/fs-monkey/-/fs-monkey-1.0.6.tgz",
      "integrity": "sha512-b1FMfwetIKymC0eioW7mTywihSQE4oLzQn1dB6rZB5fx/3NpNEdAWeCSMB+60/AeT0TCXsxzAlcYVEFCTAksWg==",
      "optional": true
    },
    "node_modules/get-tsconfig": {
      "version": "4.7.5",
      "dev": true,
      "license": "MIT",
      "dependencies": {
        "resolve-pkg-maps": "^1.0.0"
      },
      "funding": {
        "url": "https://github.com/privatenumber/get-tsconfig?sponsor=1"
      }
    },
    "node_modules/hono": {
      "version": "4.4.4",
      "license": "MIT",
      "engines": {
        "node": ">=16.0.0"
      }
    },
    "node_modules/lucia": {
      "version": "3.2.0",
      "resolved": "https://registry.npmjs.org/lucia/-/lucia-3.2.0.tgz",
      "integrity": "sha512-eXMxXwk6hqtjRTj4W/x3EnTUtAztLPm0p2N2TEBMDEbakDLXiYnDQ9z/qahjPdPdhPguQc+vwO0/88zIWxlpuw==",
      "dependencies": {
        "oslo": "1.2.0"
      }
    },
    "node_modules/memfs": {
      "version": "3.5.3",
      "resolved": "https://registry.npmjs.org/memfs/-/memfs-3.5.3.tgz",
      "integrity": "sha512-UERzLsxzllchadvbPs5aolHh65ISpKpM+ccLbOJ8/vvpBKmAWf+la7dXFy7Mr0ySHbdHrFv5kGFCUHHe6GFEmw==",
      "optional": true,
      "dependencies": {
        "fs-monkey": "^1.0.4"
      },
      "engines": {
        "node": ">= 4.0.0"
      }
    },
    "node_modules/memfs-browser": {
      "version": "3.5.10302",
      "resolved": "https://registry.npmjs.org/memfs-browser/-/memfs-browser-3.5.10302.tgz",
      "integrity": "sha512-JJTc/nh3ig05O0gBBGZjTCPOyydaTxNF0uHYBrcc1gHNnO+KIHIvo0Y1FKCJsaei6FCl8C6xfQomXqu+cuzkIw==",
      "optional": true,
      "dependencies": {
        "memfs": "3.5.3"
      }
    },
    "node_modules/ms": {
      "version": "2.1.2",
      "dev": true,
      "license": "MIT"
    },
    "node_modules/obuf": {
      "version": "1.1.2",
      "license": "MIT"
    },
    "node_modules/oslo": {
      "version": "1.2.0",
      "resolved": "https://registry.npmjs.org/oslo/-/oslo-1.2.0.tgz",
      "integrity": "sha512-OoFX6rDsNcOQVAD2gQD/z03u4vEjWZLzJtwkmgfRF+KpQUXwdgEXErD7zNhyowmHwHefP+PM9Pw13pgpHMRlzw==",
      "dependencies": {
        "@node-rs/argon2": "1.7.0",
        "@node-rs/bcrypt": "1.9.0"
      }
    },
    "node_modules/pg-int8": {
      "version": "1.0.1",
      "license": "ISC",
      "engines": {
        "node": ">=4.0.0"
      }
    },
    "node_modules/pg-numeric": {
      "version": "1.0.2",
      "license": "ISC",
      "engines": {
        "node": ">=4"
      }
    },
    "node_modules/pg-protocol": {
      "version": "1.6.1",
      "license": "MIT"
    },
    "node_modules/pg-types": {
      "version": "4.0.2",
      "license": "MIT",
      "dependencies": {
        "pg-int8": "1.0.1",
        "pg-numeric": "1.0.2",
        "postgres-array": "~3.0.1",
        "postgres-bytea": "~3.0.0",
        "postgres-date": "~2.1.0",
        "postgres-interval": "^3.0.0",
        "postgres-range": "^1.1.1"
      },
      "engines": {
        "node": ">=10"
      }
    },
    "node_modules/postgres-array": {
      "version": "3.0.2",
      "license": "MIT",
      "engines": {
        "node": ">=12"
      }
    },
    "node_modules/postgres-bytea": {
      "version": "3.0.0",
      "license": "MIT",
      "dependencies": {
        "obuf": "~1.1.2"
      },
      "engines": {
        "node": ">= 6"
      }
    },
    "node_modules/postgres-date": {
      "version": "2.1.0",
      "license": "MIT",
      "engines": {
        "node": ">=12"
      }
    },
    "node_modules/postgres-interval": {
      "version": "3.0.0",
      "license": "MIT",
      "engines": {
        "node": ">=12"
      }
    },
    "node_modules/postgres-range": {
      "version": "1.1.4",
      "license": "MIT"
    },
    "node_modules/resolve-pkg-maps": {
      "version": "1.0.0",
      "dev": true,
      "license": "MIT",
      "funding": {
        "url": "https://github.com/privatenumber/resolve-pkg-maps?sponsor=1"
      }
    },
    "node_modules/source-map": {
      "version": "0.6.1",
      "dev": true,
      "license": "BSD-3-Clause",
      "engines": {
        "node": ">=0.10.0"
      }
    },
    "node_modules/source-map-support": {
      "version": "0.5.21",
      "dev": true,
      "license": "MIT",
      "dependencies": {
        "buffer-from": "^1.0.0",
        "source-map": "^0.6.0"
      }
    },
    "node_modules/tslib": {
      "version": "2.6.3",
      "resolved": "https://registry.npmjs.org/tslib/-/tslib-2.6.3.tgz",
      "integrity": "sha512-xNvxJEOUiWPGhUuUdQgAJPKOOJfGnIyKySOc09XkKsgdUV/3E2zvwZYdejjmRgPCgcym1juLH3226yA7sEFJKQ==",
      "optional": true
    },
    "node_modules/undici-types": {
      "version": "5.26.5",
      "license": "MIT"
    },
    "node_modules/zod": {
      "version": "3.23.8",
      "license": "MIT",
      "peer": true,
      "funding": {
        "url": "https://github.com/sponsors/colinhacks"
      }
    }
  }
}
